// !$*UTF8*$!
{
	archiveVersion = 1;
	classes = {
	};
	objectVersion = 50;
	objects = {

/* Begin PBXBuildFile section */
		698E73D32689A95900F4CF7A /* AppDelegate.swift in Sources */ = {isa = PBXBuildFile; fileRef = 698E73D22689A95900F4CF7A /* AppDelegate.swift */; };
		698E73D52689A95900F4CF7A /* SceneDelegate.swift in Sources */ = {isa = PBXBuildFile; fileRef = 698E73D42689A95900F4CF7A /* SceneDelegate.swift */; };
		698E73D72689A95900F4CF7A /* UserViewController.swift in Sources */ = {isa = PBXBuildFile; fileRef = 698E73D62689A95900F4CF7A /* UserViewController.swift */; };
		698E73DA2689A95900F4CF7A /* Main.storyboard in Resources */ = {isa = PBXBuildFile; fileRef = 698E73D82689A95900F4CF7A /* Main.storyboard */; };
		698E73DC2689A95B00F4CF7A /* Assets.xcassets in Resources */ = {isa = PBXBuildFile; fileRef = 698E73DB2689A95B00F4CF7A /* Assets.xcassets */; };
		698E73DF2689A95B00F4CF7A /* LaunchScreen.storyboard in Resources */ = {isa = PBXBuildFile; fileRef = 698E73DD2689A95B00F4CF7A /* LaunchScreen.storyboard */; };
		698E73EB2689A9B700F4CF7A /* Presenter.swift in Sources */ = {isa = PBXBuildFile; fileRef = 698E73EA2689A9B700F4CF7A /* Presenter.swift */; };
		698E73F02689AA1500F4CF7A /* User.swift in Sources */ = {isa = PBXBuildFile; fileRef = 698E73EF2689AA1500F4CF7A /* User.swift */; };
/* End PBXBuildFile section */

/* Begin PBXFileReference section */
		698E73CF2689A95900F4CF7A /* MVP.app */ = {isa = PBXFileReference; explicitFileType = wrapper.application; includeInIndex = 0; path = MVP.app; sourceTree = BUILT_PRODUCTS_DIR; };
		698E73D22689A95900F4CF7A /* AppDelegate.swift */ = {isa = PBXFileReference; lastKnownFileType = sourcecode.swift; path = AppDelegate.swift; sourceTree = "<group>"; };
		698E73D42689A95900F4CF7A /* SceneDelegate.swift */ = {isa = PBXFileReference; lastKnownFileType = sourcecode.swift; path = SceneDelegate.swift; sourceTree = "<group>"; };
		698E73D62689A95900F4CF7A /* UserViewController.swift */ = {isa = PBXFileReference; lastKnownFileType = sourcecode.swift; path = UserViewController.swift; sourceTree = "<group>"; };
		698E73D92689A95900F4CF7A /* Base */ = {isa = PBXFileReference; lastKnownFileType = file.storyboard; name = Base; path = Base.lproj/Main.storyboard; sourceTree = "<group>"; };
		698E73DB2689A95B00F4CF7A /* Assets.xcassets */ = {isa = PBXFileReference; lastKnownFileType = folder.assetcatalog; path = Assets.xcassets; sourceTree = "<group>"; };
		698E73DE2689A95B00F4CF7A /* Base */ = {isa = PBXFileReference; lastKnownFileType = file.storyboard; name = Base; path = Base.lproj/LaunchScreen.storyboard; sourceTree = "<group>"; };
		698E73E02689A95B00F4CF7A /* Info.plist */ = {isa = PBXFileReference; lastKnownFileType = text.plist.xml; path = Info.plist; sourceTree = "<group>"; };
		698E73EA2689A9B700F4CF7A /* Presenter.swift */ = {isa = PBXFileReference; lastKnownFileType = sourcecode.swift; path = Presenter.swift; sourceTree = "<group>"; };
		698E73EF2689AA1500F4CF7A /* User.swift */ = {isa = PBXFileReference; lastKnownFileType = sourcecode.swift; path = User.swift; sourceTree = "<group>"; };
/* End PBXFileReference section */

/* Begin PBXFrameworksBuildPhase section */
		698E73CC2689A95900F4CF7A /* Frameworks */ = {
			isa = PBXFrameworksBuildPhase;
			buildActionMask = 2147483647;
			files = (
			);
			runOnlyForDeploymentPostprocessing = 0;
		};
/* End PBXFrameworksBuildPhase section */

/* Begin PBXGroup section */
		698E73C62689A95900F4CF7A = {
			isa = PBXGroup;
			children = (
				698E73D12689A95900F4CF7A /* MVP */,
				698E73D02689A95900F4CF7A /* Products */,
			);
			sourceTree = "<group>";
		};
		698E73D02689A95900F4CF7A /* Products */ = {
			isa = PBXGroup;
			children = (
				698E73CF2689A95900F4CF7A /* MVP.app */,
			);
			name = Products;
			sourceTree = "<group>";
		};
		698E73D12689A95900F4CF7A /* MVP */ = {
			isa = PBXGroup;
			children = (
				698E73E92689A99B00F4CF7A /* Model */,
				698E73E82689A98700F4CF7A /* Views */,
				698E73E72689A96D00F4CF7A /* Presenter */,
				698E73D22689A95900F4CF7A /* AppDelegate.swift */,
				698E73D42689A95900F4CF7A /* SceneDelegate.swift */,
				698E73D82689A95900F4CF7A /* Main.storyboard */,
				698E73DB2689A95B00F4CF7A /* Assets.xcassets */,
				698E73DD2689A95B00F4CF7A /* LaunchScreen.storyboard */,
				698E73E02689A95B00F4CF7A /* Info.plist */,
			);
			path = MVP;
			sourceTree = "<group>";
		};
		698E73E72689A96D00F4CF7A /* Presenter */ = {
			isa = PBXGroup;
			children = (
				698E73EA2689A9B700F4CF7A /* Presenter.swift */,
			);
			path = Presenter;
			sourceTree = "<group>";
		};
		698E73E82689A98700F4CF7A /* Views */ = {
			isa = PBXGroup;
			children = (
				698E73D62689A95900F4CF7A /* UserViewController.swift */,
			);
			path = Views;
			sourceTree = "<group>";
		};
		698E73E92689A99B00F4CF7A /* Model */ = {
			isa = PBXGroup;
			children = (
				698E73EF2689AA1500F4CF7A /* User.swift */,
			);
			path = Model;
			sourceTree = "<group>";
		};
/* End PBXGroup section */

/* Begin PBXNativeTarget section */
		698E73CE2689A95900F4CF7A /* MVP */ = {
			isa = PBXNativeTarget;
			buildConfigurationList = 698E73E32689A95B00F4CF7A /* Build configuration list for PBXNativeTarget "MVP" */;
			buildPhases = (
				698E73CB2689A95900F4CF7A /* Sources */,
				698E73CC2689A95900F4CF7A /* Frameworks */,
				698E73CD2689A95900F4CF7A /* Resources */,
			);
			buildRules = (
			);
			dependencies = (
			);
			name = MVP;
			productName = MVP;
			productReference = 698E73CF2689A95900F4CF7A /* MVP.app */;
			productType = "com.apple.product-type.application";
		};
/* End PBXNativeTarget section */

/* Begin PBXProject section */
		698E73C72689A95900F4CF7A /* Project object */ = {
			isa = PBXProject;
			attributes = {
				LastSwiftUpdateCheck = 1230;
				LastUpgradeCheck = 1230;
				TargetAttributes = {
					698E73CE2689A95900F4CF7A = {
						CreatedOnToolsVersion = 12.3;
					};
				};
			};
			buildConfigurationList = 698E73CA2689A95900F4CF7A /* Build configuration list for PBXProject "MVP" */;
			compatibilityVersion = "Xcode 9.3";
			developmentRegion = en;
			hasScannedForEncodings = 0;
			knownRegions = (
				en,
				Base,
			);
			mainGroup = 698E73C62689A95900F4CF7A;
			productRefGroup = 698E73D02689A95900F4CF7A /* Products */;
			projectDirPath = "";
			projectRoot = "";
			targets = (
				698E73CE2689A95900F4CF7A /* MVP */,
			);
		};
/* End PBXProject section */

/* Begin PBXResourcesBuildPhase section */
		698E73CD2689A95900F4CF7A /* Resources */ = {
			isa = PBXResourcesBuildPhase;
			buildActionMask = 2147483647;
			files = (
				698E73DF2689A95B00F4CF7A /* LaunchScreen.storyboard in Resources */,
				698E73DC2689A95B00F4CF7A /* Assets.xcassets in Resources */,
				698E73DA2689A95900F4CF7A /* Main.storyboard in Resources */,
			);
			runOnlyForDeploymentPostprocessing = 0;
		};
/* End PBXResourcesBuildPhase section */

/* Begin PBXSourcesBuildPhase section */
		698E73CB2689A95900F4CF7A /* Sources */ = {
			isa = PBXSourcesBuildPhase;
			buildActionMask = 2147483647;
			files = (
				698E73D72689A95900F4CF7A /* UserViewController.swift in Sources */,
				698E73D32689A95900F4CF7A /* AppDelegate.swift in Sources */,
				698E73EB2689A9B700F4CF7A /* Presenter.swift in Sources */,
				698E73F02689AA1500F4CF7A /* User.swift in Sources */,
				698E73D52689A95900F4CF7A /* SceneDelegate.swift in Sources */,
			);
			runOnlyForDeploymentPostprocessing = 0;
		};
/* End PBXSourcesBuildPhase section */

/* Begin PBXVariantGroup section */
		698E73D82689A95900F4CF7A /* Main.storyboard */ = {
			isa = PBXVariantGroup;
			children = (
				698E73D92689A95900F4CF7A /* Base */,
			);
			name = Main.storyboard;
			sourceTree = "<group>";
		};
		698E73DD2689A95B00F4CF7A /* LaunchScreen.storyboard */ = {
			isa = PBXVariantGroup;
			children = (
				698E73DE2689A95B00F4CF7A /* Base */,
			);
			name = LaunchScreen.storyboard;
			sourceTree = "<group>";
		};
/* End PBXVariantGroup section */

/* Begin XCBuildConfiguration section */
		698E73E12689A95B00F4CF7A /* Debug */ = {
			isa = XCBuildConfiguration;
			buildSettings = {
				ALWAYS_SEARCH_USER_PATHS = NO;
				CLANG_ANALYZER_NONNULL = YES;
				CLANG_ANALYZER_NUMBER_OBJECT_CONVERSION = YES_AGGRESSIVE;
				CLANG_CXX_LANGUAGE_STANDARD = "gnu++14";
				CLANG_CXX_LIBRARY = "libc++";
				CLANG_ENABLE_MODULES = YES;
				CLANG_ENABLE_OBJC_ARC = YES;
				CLANG_ENABLE_OBJC_WEAK = YES;
				CLANG_WARN_BLOCK_CAPTURE_AUTORELEASING = YES;
				CLANG_WARN_BOOL_CONVERSION = YES;
				CLANG_WARN_COMMA = YES;
				CLANG_WARN_CONSTANT_CONVERSION = YES;
				CLANG_WARN_DEPRECATED_OBJC_IMPLEMENTATIONS = YES;
				CLANG_WARN_DIRECT_OBJC_ISA_USAGE = YES_ERROR;
				CLANG_WARN_DOCUMENTATION_COMMENTS = YES;
				CLANG_WARN_EMPTY_BODY = YES;
				CLANG_WARN_ENUM_CONVERSION = YES;
				CLANG_WARN_INFINITE_RECURSION = YES;
				CLANG_WARN_INT_CONVERSION = YES;
				CLANG_WARN_NON_LITERAL_NULL_CONVERSION = YES;
				CLANG_WARN_OBJC_IMPLICIT_RETAIN_SELF = YES;
				CLANG_WARN_OBJC_LITERAL_CONVERSION = YES;
				CLANG_WARN_OBJC_ROOT_CLASS = YES_ERROR;
				CLANG_WARN_QUOTED_INCLUDE_IN_FRAMEWORK_HEADER = YES;
				CLANG_WARN_RANGE_LOOP_ANALYSIS = YES;
				CLANG_WARN_STRICT_PROTOTYPES = YES;
				CLANG_WARN_SUSPICIOUS_MOVE = YES;
				CLANG_WARN_UNGUARDED_AVAILABILITY = YES_AGGRESSIVE;
				CLANG_WARN_UNREACHABLE_CODE = YES;
				CLANG_WARN__DUPLICATE_METHOD_MATCH = YES;
				COPY_PHASE_STRIP = NO;
				DEBUG_INFORMATION_FORMAT = dwarf;
				ENABLE_STRICT_OBJC_MSGSEND = YES;
				ENABLE_TESTABILITY = YES;
				GCC_C_LANGUAGE_STANDARD = gnu11;
				GCC_DYNAMIC_NO_PIC = NO;
				GCC_NO_COMMON_BLOCKS = YES;
				GCC_OPTIMIZATION_LEVEL = 0;
				GCC_PREPROCESSOR_DEFINITIONS = (
					"DEBUG=1",
					"$(inherited)",
				);
				GCC_WARN_64_TO_32_BIT_CONVERSION = YES;
				GCC_WARN_ABOUT_RETURN_TYPE = YES_ERROR;
				GCC_WARN_UNDECLARED_SELECTOR = YES;
				GCC_WARN_UNINITIALIZED_AUTOS = YES_AGGRESSIVE;
				GCC_WARN_UNUSED_FUNCTION = YES;
				GCC_WARN_UNUSED_VARIABLE = YES;
				IPHONEOS_DEPLOYMENT_TARGET = 14.3;
				MTL_ENABLE_DEBUG_INFO = INCLUDE_SOURCE;
				MTL_FAST_MATH = YES;
				ONLY_ACTIVE_ARCH = YES;
				SDKROOT = iphoneos;
				SWIFT_ACTIVE_COMPILATION_CONDITIONS = DEBUG;
				SWIFT_OPTIMIZATION_LEVEL = "-Onone";
			};
			name = Debug;
		};
		698E73E22689A95B00F4CF7A /* Release */ = {
			isa = XCBuildConfiguration;
			buildSettings = {
				ALWAYS_SEARCH_USER_PATHS = NO;
				CLANG_ANALYZER_NONNULL = YES;
				CLANG_ANALYZER_NUMBER_OBJECT_CONVERSION = YES_AGGRESSIVE;
				CLANG_CXX_LANGUAGE_STANDARD = "gnu++14";
				CLANG_CXX_LIBRARY = "libc++";
				CLANG_ENABLE_MODULES = YES;
				CLANG_ENABLE_OBJC_ARC = YES;
				CLANG_ENABLE_OBJC_WEAK = YES;
				CLANG_WARN_BLOCK_CAPTURE_AUTORELEASING = YES;
				CLANG_WARN_BOOL_CONVERSION = YES;
				CLANG_WARN_COMMA = YES;
				CLANG_WARN_CONSTANT_CONVERSION = YES;
				CLANG_WARN_DEPRECATED_OBJC_IMPLEMENTATIONS = YES;
				CLANG_WARN_DIRECT_OBJC_ISA_USAGE = YES_ERROR;
				CLANG_WARN_DOCUMENTATION_COMMENTS = YES;
				CLANG_WARN_EMPTY_BODY = YES;
				CLANG_WARN_ENUM_CONVERSION = YES;
				CLANG_WARN_INFINITE_RECURSION = YES;
				CLANG_WARN_INT_CONVERSION = YES;
				CLANG_WARN_NON_LITERAL_NULL_CONVERSION = YES;
				CLANG_WARN_OBJC_IMPLICIT_RETAIN_SELF = YES;
				CLANG_WARN_OBJC_LITERAL_CONVERSION = YES;
				CLANG_WARN_OBJC_ROOT_CLASS = YES_ERROR;
				CLANG_WARN_QUOTED_INCLUDE_IN_FRAMEWORK_HEADER = YES;
				CLANG_WARN_RANGE_LOOP_ANALYSIS = YES;
				CLANG_WARN_STRICT_PROTOTYPES = YES;
				CLANG_WARN_SUSPICIOUS_MOVE = YES;
				CLANG_WARN_UNGUARDED_AVAILABILITY = YES_AGGRESSIVE;
				CLANG_WARN_UNREACHABLE_CODE = YES;
				CLANG_WARN__DUPLICATE_METHOD_MATCH = YES;
				COPY_PHASE_STRIP = NO;
				DEBUG_INFORMATION_FORMAT = "dwarf-with-dsym";
				ENABLE_NS_ASSERTIONS = NO;
				ENABLE_STRICT_OBJC_MSGSEND = YES;
				GCC_C_LANGUAGE_STANDARD = gnu11;
				GCC_NO_COMMON_BLOCKS = YES;
				GCC_WARN_64_TO_32_BIT_CONVERSION = YES;
				GCC_WARN_ABOUT_RETURN_TYPE = YES_ERROR;
				GCC_WARN_UNDECLARED_SELECTOR = YES;
				GCC_WARN_UNINITIALIZED_AUTOS = YES_AGGRESSIVE;
				GCC_WARN_UNUSED_FUNCTION = YES;
				GCC_WARN_UNUSED_VARIABLE = YES;
				IPHONEOS_DEPLOYMENT_TARGET = 14.3;
				MTL_ENABLE_DEBUG_INFO = NO;
				MTL_FAST_MATH = YES;
				SDKROOT = iphoneos;
				SWIFT_COMPILATION_MODE = wholemodule;
				SWIFT_OPTIMIZATION_LEVEL = "-O";
				VALIDATE_PRODUCT = YES;
			};
			name = Release;
		};
		698E73E42689A95B00F4CF7A /* Debug */ = {
			isa = XCBuildConfiguration;
			buildSettings = {
				ASSETCATALOG_COMPILER_APPICON_NAME = AppIcon;
				ASSETCATALOG_COMPILER_GLOBAL_ACCENT_COLOR_NAME = AccentColor;
				CODE_SIGN_STYLE = Automatic;
				DEVELOPMENT_TEAM = CHZWYBA9N7;
				INFOPLIST_FILE = MVP/Info.plist;
				LD_RUNPATH_SEARCH_PATHS = (
					"$(inherited)",
					"@executable_path/Frameworks",
				);
				PRODUCT_BUNDLE_IDENTIFIER = Alice.MVP;
				PRODUCT_NAME = "$(TARGET_NAME)";
				SWIFT_VERSION = 5.0;
				TARGETED_DEVICE_FAMILY = "1,2";
			};
			name = Debug;
		};
		698E73E52689A95B00F4CF7A /* Release */ = {
			isa = XCBuildConfiguration;
			buildSettings = {
				ASSETCATALOG_COMPILER_APPICON_NAME = AppIcon;
				ASSETCATALOG_COMPILER_GLOBAL_ACCENT_COLOR_NAME = AccentColor;
				CODE_SIGN_STYLE = Automatic;
				DEVELOPMENT_TEAM = CHZWYBA9N7;
				INFOPLIST_FILE = MVP/Info.plist;
				LD_RUNPATH_SEARCH_PATHS = (
					"$(inherited)",
					"@executable_path/Frameworks",
				);
				PRODUCT_BUNDLE_IDENTIFIER = Alice.MVP;
				PRODUCT_NAME = "$(TARGET_NAME)";
				SWIFT_VERSION = 5.0;
				TARGETED_DEVICE_FAMILY = "1,2";
			};
			name = Release;
		};
/* End XCBuildConfiguration section */

/* Begin XCConfigurationList section */
		698E73CA2689A95900F4CF7A /* Build configuration list for PBXProject "MVP" */ = {
			isa = XCConfigurationList;
			buildConfigurations = (
				698E73E12689A95B00F4CF7A /* Debug */,
				698E73E22689A95B00F4CF7A /* Release */,
			);
			defaultConfigurationIsVisible = 0;
			defaultConfigurationName = Release;
		};
		698E73E32689A95B00F4CF7A /* Build configuration list for PBXNativeTarget "MVP" */ = {
			isa = XCConfigurationList;
			buildConfigurations = (
				698E73E42689A95B00F4CF7A /* Debug */,
				698E73E52689A95B00F4CF7A /* Release */,
			);
			defaultConfigurationIsVisible = 0;
			defaultConfigurationName = Release;
		};
/* End XCConfigurationList section */
	};
	rootObject = 698E73C72689A95900F4CF7A /* Project object */;
}
